
Microsoft Visual Studio Solution File, Format Version 12.00
# Visual Studio Version 16
VisualStudioVersion = 16.0.30320.27
MinimumVisualStudioVersion = 10.0.40219.1
Project("{FAE04EC0-301F-11D3-BF4B-00C04F79EFBC}") = "ThreadedProjectWorkshop1", "ThreadedProjectWorkshop1\ThreadedProjectWorkshop1.csproj", "{4D5254D3-E4FD-4CC1-8153-77AC714204DF}"
EndProject
Global
	GlobalSection(SolutionConfigurationPlatforms) = preSolution
		Debug|Any CPU = Debug|Any CPU
		Release|Any CPU = Release|Any CPU
	EndGlobalSection
	GlobalSection(ProjectConfigurationPlatforms) = postSolution
		{4D5254D3-E4FD-4CC1-8153-77AC714204DF}.Debug|Any CPU.ActiveCfg = Debug|Any CPU
		{4D5254D3-E4FD-4CC1-8153-77AC714204DF}.Debug|Any CPU.Build.0 = Debug|Any CPU
		{4D5254D3-E4FD-4CC1-8153-77AC714204DF}.Release|Any CPU.ActiveCfg = Release|Any CPU
		{4D5254D3-E4FD-4CC1-8153-77AC714204DF}.Release|Any CPU.Build.0 = Release|Any CPU
	EndGlobalSection
	GlobalSection(SolutionProperties) = preSolution
		HideSolutionNode = FALSE
	EndGlobalSection
	GlobalSection(ExtensibilityGlobals) = postSolution
		SolutionGuid = {8C8C776E-137B-4527-99D3-6853BF896663}
	EndGlobalSection
EndGlobal
